
Microsoft Visual Studio Solution File, Format Version 12.00
# Visual Studio Version 16
VisualStudioVersion = 16.0.31729.503
MinimumVisualStudioVersion = 10.0.40219.1
Project("{FAE04EC0-301F-11D3-BF4B-00C04F79EFBC}") = "SoftwareBlog", "SoftwareBlog\SoftwareBlog.csproj", "{C06A36F3-3B73-471E-925A-543C15854D36}"
EndProject
Global
	GlobalSection(SolutionConfigurationPlatforms) = preSolution
		Debug|Any CPU = Debug|Any CPU
		Release|Any CPU = Release|Any CPU
	EndGlobalSection
	GlobalSection(ProjectConfigurationPlatforms) = postSolution
		{C06A36F3-3B73-471E-925A-543C15854D36}.Debug|Any CPU.ActiveCfg = Debug|Any CPU
		{C06A36F3-3B73-471E-925A-543C15854D36}.Debug|Any CPU.Build.0 = Debug|Any CPU
		{C06A36F3-3B73-471E-925A-543C15854D36}.Release|Any CPU.ActiveCfg = Release|Any CPU
		{C06A36F3-3B73-471E-925A-543C15854D36}.Release|Any CPU.Build.0 = Release|Any CPU
	EndGlobalSection
	GlobalSection(SolutionProperties) = preSolution
		HideSolutionNode = FALSE
	EndGlobalSection
	GlobalSection(ExtensibilityGlobals) = postSolution
		SolutionGuid = {803F2AC6-6C6A-4135-B705-3E7AFB9C22C8}
	EndGlobalSection
EndGlobal
